
Microsoft Visual Studio Solution File, Format Version 12.00
# Visual Studio Version 17
VisualStudioVersion = 17.11.35219.272
MinimumVisualStudioVersion = 10.0.40219.1
Project("{FAE04EC0-301F-11D3-BF4B-00C04F79EFBC}") = "Dos-Vectores", "Dos-Vectores.csproj", "{B0A6EDD2-46D2-4AD2-9CA0-96D0920B5E32}"
EndProject
Global
	GlobalSection(SolutionConfigurationPlatforms) = preSolution
		Debug|Any CPU = Debug|Any CPU
		Release|Any CPU = Release|Any CPU
	EndGlobalSection
	GlobalSection(ProjectConfigurationPlatforms) = postSolution
		{B0A6EDD2-46D2-4AD2-9CA0-96D0920B5E32}.Debug|Any CPU.ActiveCfg = Debug|Any CPU
		{B0A6EDD2-46D2-4AD2-9CA0-96D0920B5E32}.Debug|Any CPU.Build.0 = Debug|Any CPU
		{B0A6EDD2-46D2-4AD2-9CA0-96D0920B5E32}.Release|Any CPU.ActiveCfg = Release|Any CPU
		{B0A6EDD2-46D2-4AD2-9CA0-96D0920B5E32}.Release|Any CPU.Build.0 = Release|Any CPU
	EndGlobalSection
	GlobalSection(SolutionProperties) = preSolution
		HideSolutionNode = FALSE
	EndGlobalSection
	GlobalSection(ExtensibilityGlobals) = postSolution
		SolutionGuid = {D4E7A37A-DD02-47EE-9FA7-50DFA54C3112}
	EndGlobalSection
EndGlobal
